
Microsoft Visual Studio Solution File, Format Version 12.00
# Visual Studio Version 17
VisualStudioVersion = 17.4.33110.190
MinimumVisualStudioVersion = 10.0.40219.1
Project("{2150E333-8FDC-42A3-9474-1A3956D46DE8}") = "src", "src", "{FE863079-F1FA-4BA7-94D8-72FB90CE0E56}"
EndProject
Project("{9A19103F-16F7-4668-BE54-9A1E7A4F7556}") = "Jcg.Repositories", "src\Jcg.Repositories\Jcg.Repositories.csproj", "{C57A4985-7EDA-49BA-92DA-D4F4CD1FE025}"
EndProject
Project("{2150E333-8FDC-42A3-9474-1A3956D46DE8}") = "Support", "Support", "{7D8E5F20-4229-4738-B861-B15D051285EB}"
EndProject
Project("{9A19103F-16F7-4668-BE54-9A1E7A4F7556}") = "Support.UnitOfWork", "src\Support.UnitOfWork\Support.UnitOfWork.csproj", "{78F23CEC-63AC-4BB4-8B10-85A8C6B7EAC3}"
EndProject
Project("{2150E333-8FDC-42A3-9474-1A3956D46DE8}") = "testing", "testing", "{4D33CF4A-53DA-488B-8535-5F421970EE42}"
EndProject
Project("{9A19103F-16F7-4668-BE54-9A1E7A4F7556}") = "Testing.Common", "testing\Testing.Common\Testing.Common.csproj", "{31F4EBE7-BCEE-4CFA-90B1-79A533243C07}"
EndProject
Project("{2150E333-8FDC-42A3-9474-1A3956D46DE8}") = "Support.UnitOfWorkTests", "Support.UnitOfWorkTests", "{99FC7333-C16A-44C7-ACAF-CE0341C4B3F9}"
EndProject
Project("{9A19103F-16F7-4668-BE54-9A1E7A4F7556}") = "Support.UnitOfWork.IntegrationTests", "testing\Support.UnitOfWorkTests\Support.UnitOfWork.IntegrationTests\Support.UnitOfWork.IntegrationTests.csproj", "{7AB22EED-86FC-4482-BD4A-37EBEA921BFB}"
EndProject
Project("{9A19103F-16F7-4668-BE54-9A1E7A4F7556}") = "Support.UnitOfWork.UnitTests", "testing\Support.UnitOfWorkTests\Support.UnitOfWork.UnitTests\Support.UnitOfWork.UnitTests.csproj", "{1FE5758B-4E8C-461B-BA02-938F5FF4D754}"
EndProject
Project("{9A19103F-16F7-4668-BE54-9A1E7A4F7556}") = "Support.UnitOfWork.TestCommon", "testing\Support.UnitOfWorkTests\Support.UnitOfWork.TestCommon\Support.UnitOfWork.TestCommon.csproj", "{67842C65-0895-41A6-A889-472DC5B4E181}"
EndProject
Project("{9A19103F-16F7-4668-BE54-9A1E7A4F7556}") = "Common", "src\Common\Common.csproj", "{02050D31-B0D3-4FA1-9F6E-9CBEA894200C}"
EndProject
Project("{9A19103F-16F7-4668-BE54-9A1E7A4F7556}") = "Support.DataModelRepository", "src\Support.DataModelRepository\Support.DataModelRepository.csproj", "{23A70C96-683C-4757-9179-E53B76836A2A}"
EndProject
Project("{9A19103F-16F7-4668-BE54-9A1E7A4F7556}") = "Support.DataModelRepository.UnitTests", "testing\Support.DataModelRepository.UnitTests\Support.DataModelRepository.UnitTests.csproj", "{EA749094-636F-456A-9A2D-69A04D58C43E}"
EndProject
Project("{9A19103F-16F7-4668-BE54-9A1E7A4F7556}") = "Support.CategorizedRepository", "src\Support.CategorizedRepositry\Support.CategorizedRepository.csproj", "{C78036DE-BBEA-462B-AAD7-C4927DD35F3B}"
EndProject
Project("{9A19103F-16F7-4668-BE54-9A1E7A4F7556}") = "Support.CategorizedRepository.UnitTests", "testing\Support.CategorizedRepository.UnitTests\Support.CategorizedRepository.UnitTests.csproj", "{68F074B1-93E1-412A-952E-628CADAE9860}"
EndProject
Project("{9A19103F-16F7-4668-BE54-9A1E7A4F7556}") = "CategorizedRepository.Factories", "src\CategorizedRepository.Factories\CategorizedRepository.Factories.csproj", "{4AB4CEED-A29B-4891-AF68-EC17DF1A05C5}"
EndProject
Project("{9A19103F-16F7-4668-BE54-9A1E7A4F7556}") = "IntegrationTests.Common", "testing\Integration\IntegrationTests.Common\IntegrationTests.Common.csproj", "{87204E84-621B-4B27-BC75-9D4978FAF161}"
EndProject
Project("{FAE04EC0-301F-11D3-BF4B-00C04F79EFBC}") = "Testing.Common.Support", "testing\Testing.Common.Support\Testing.Common.Support.csproj", "{EAAF1747-FCBE-46A9-9A40-1722AEF87B81}"
EndProject
Global
	GlobalSection(SolutionConfigurationPlatforms) = preSolution
		Debug|Any CPU = Debug|Any CPU
		Release|Any CPU = Release|Any CPU
	EndGlobalSection
	GlobalSection(ProjectConfigurationPlatforms) = postSolution
		{C57A4985-7EDA-49BA-92DA-D4F4CD1FE025}.Debug|Any CPU.ActiveCfg = Debug|Any CPU
		{C57A4985-7EDA-49BA-92DA-D4F4CD1FE025}.Debug|Any CPU.Build.0 = Debug|Any CPU
		{C57A4985-7EDA-49BA-92DA-D4F4CD1FE025}.Release|Any CPU.ActiveCfg = Release|Any CPU
		{C57A4985-7EDA-49BA-92DA-D4F4CD1FE025}.Release|Any CPU.Build.0 = Release|Any CPU
		{78F23CEC-63AC-4BB4-8B10-85A8C6B7EAC3}.Debug|Any CPU.ActiveCfg = Debug|Any CPU
		{78F23CEC-63AC-4BB4-8B10-85A8C6B7EAC3}.Debug|Any CPU.Build.0 = Debug|Any CPU
		{78F23CEC-63AC-4BB4-8B10-85A8C6B7EAC3}.Release|Any CPU.ActiveCfg = Release|Any CPU
		{78F23CEC-63AC-4BB4-8B10-85A8C6B7EAC3}.Release|Any CPU.Build.0 = Release|Any CPU
		{31F4EBE7-BCEE-4CFA-90B1-79A533243C07}.Debug|Any CPU.ActiveCfg = Debug|Any CPU
		{31F4EBE7-BCEE-4CFA-90B1-79A533243C07}.Debug|Any CPU.Build.0 = Debug|Any CPU
		{31F4EBE7-BCEE-4CFA-90B1-79A533243C07}.Release|Any CPU.ActiveCfg = Release|Any CPU
		{31F4EBE7-BCEE-4CFA-90B1-79A533243C07}.Release|Any CPU.Build.0 = Release|Any CPU
		{7AB22EED-86FC-4482-BD4A-37EBEA921BFB}.Debug|Any CPU.ActiveCfg = Debug|Any CPU
		{7AB22EED-86FC-4482-BD4A-37EBEA921BFB}.Debug|Any CPU.Build.0 = Debug|Any CPU
		{7AB22EED-86FC-4482-BD4A-37EBEA921BFB}.Release|Any CPU.ActiveCfg = Release|Any CPU
		{7AB22EED-86FC-4482-BD4A-37EBEA921BFB}.Release|Any CPU.Build.0 = Release|Any CPU
		{1FE5758B-4E8C-461B-BA02-938F5FF4D754}.Debug|Any CPU.ActiveCfg = Debug|Any CPU
		{1FE5758B-4E8C-461B-BA02-938F5FF4D754}.Debug|Any CPU.Build.0 = Debug|Any CPU
		{1FE5758B-4E8C-461B-BA02-938F5FF4D754}.Release|Any CPU.ActiveCfg = Release|Any CPU
		{1FE5758B-4E8C-461B-BA02-938F5FF4D754}.Release|Any CPU.Build.0 = Release|Any CPU
		{67842C65-0895-41A6-A889-472DC5B4E181}.Debug|Any CPU.ActiveCfg = Debug|Any CPU
		{67842C65-0895-41A6-A889-472DC5B4E181}.Debug|Any CPU.Build.0 = Debug|Any CPU
		{67842C65-0895-41A6-A889-472DC5B4E181}.Release|Any CPU.ActiveCfg = Release|Any CPU
		{67842C65-0895-41A6-A889-472DC5B4E181}.Release|Any CPU.Build.0 = Release|Any CPU
		{02050D31-B0D3-4FA1-9F6E-9CBEA894200C}.Debug|Any CPU.ActiveCfg = Debug|Any CPU
		{02050D31-B0D3-4FA1-9F6E-9CBEA894200C}.Debug|Any CPU.Build.0 = Debug|Any CPU
		{02050D31-B0D3-4FA1-9F6E-9CBEA894200C}.Release|Any CPU.ActiveCfg = Release|Any CPU
		{02050D31-B0D3-4FA1-9F6E-9CBEA894200C}.Release|Any CPU.Build.0 = Release|Any CPU
		{23A70C96-683C-4757-9179-E53B76836A2A}.Debug|Any CPU.ActiveCfg = Debug|Any CPU
		{23A70C96-683C-4757-9179-E53B76836A2A}.Debug|Any CPU.Build.0 = Debug|Any CPU
		{23A70C96-683C-4757-9179-E53B76836A2A}.Release|Any CPU.ActiveCfg = Release|Any CPU
		{23A70C96-683C-4757-9179-E53B76836A2A}.Release|Any CPU.Build.0 = Release|Any CPU
		{EA749094-636F-456A-9A2D-69A04D58C43E}.Debug|Any CPU.ActiveCfg = Debug|Any CPU
		{EA749094-636F-456A-9A2D-69A04D58C43E}.Debug|Any CPU.Build.0 = Debug|Any CPU
		{EA749094-636F-456A-9A2D-69A04D58C43E}.Release|Any CPU.ActiveCfg = Release|Any CPU
		{EA749094-636F-456A-9A2D-69A04D58C43E}.Release|Any CPU.Build.0 = Release|Any CPU
		{C78036DE-BBEA-462B-AAD7-C4927DD35F3B}.Debug|Any CPU.ActiveCfg = Debug|Any CPU
		{C78036DE-BBEA-462B-AAD7-C4927DD35F3B}.Debug|Any CPU.Build.0 = Debug|Any CPU
		{C78036DE-BBEA-462B-AAD7-C4927DD35F3B}.Release|Any CPU.ActiveCfg = Release|Any CPU
		{C78036DE-BBEA-462B-AAD7-C4927DD35F3B}.Release|Any CPU.Build.0 = Release|Any CPU
		{68F074B1-93E1-412A-952E-628CADAE9860}.Debug|Any CPU.ActiveCfg = Debug|Any CPU
		{68F074B1-93E1-412A-952E-628CADAE9860}.Debug|Any CPU.Build.0 = Debug|Any CPU
		{68F074B1-93E1-412A-952E-628CADAE9860}.Release|Any CPU.ActiveCfg = Release|Any CPU
		{68F074B1-93E1-412A-952E-628CADAE9860}.Release|Any CPU.Build.0 = Release|Any CPU
		{4AB4CEED-A29B-4891-AF68-EC17DF1A05C5}.Debug|Any CPU.ActiveCfg = Debug|Any CPU
		{4AB4CEED-A29B-4891-AF68-EC17DF1A05C5}.Debug|Any CPU.Build.0 = Debug|Any CPU
		{4AB4CEED-A29B-4891-AF68-EC17DF1A05C5}.Release|Any CPU.ActiveCfg = Release|Any CPU
		{4AB4CEED-A29B-4891-AF68-EC17DF1A05C5}.Release|Any CPU.Build.0 = Release|Any CPU
		{87204E84-621B-4B27-BC75-9D4978FAF161}.Debug|Any CPU.ActiveCfg = Debug|Any CPU
		{87204E84-621B-4B27-BC75-9D4978FAF161}.Debug|Any CPU.Build.0 = Debug|Any CPU
		{87204E84-621B-4B27-BC75-9D4978FAF161}.Release|Any CPU.ActiveCfg = Release|Any CPU
		{87204E84-621B-4B27-BC75-9D4978FAF161}.Release|Any CPU.Build.0 = Release|Any CPU
		{EAAF1747-FCBE-46A9-9A40-1722AEF87B81}.Debug|Any CPU.ActiveCfg = Debug|Any CPU
		{EAAF1747-FCBE-46A9-9A40-1722AEF87B81}.Debug|Any CPU.Build.0 = Debug|Any CPU
		{EAAF1747-FCBE-46A9-9A40-1722AEF87B81}.Release|Any CPU.ActiveCfg = Release|Any CPU
		{EAAF1747-FCBE-46A9-9A40-1722AEF87B81}.Release|Any CPU.Build.0 = Release|Any CPU
	EndGlobalSection
	GlobalSection(SolutionProperties) = preSolution
		HideSolutionNode = FALSE
	EndGlobalSection
	GlobalSection(NestedProjects) = preSolution
		{C57A4985-7EDA-49BA-92DA-D4F4CD1FE025} = {FE863079-F1FA-4BA7-94D8-72FB90CE0E56}
		{7D8E5F20-4229-4738-B861-B15D051285EB} = {FE863079-F1FA-4BA7-94D8-72FB90CE0E56}
		{78F23CEC-63AC-4BB4-8B10-85A8C6B7EAC3} = {7D8E5F20-4229-4738-B861-B15D051285EB}
		{31F4EBE7-BCEE-4CFA-90B1-79A533243C07} = {4D33CF4A-53DA-488B-8535-5F421970EE42}
		{99FC7333-C16A-44C7-ACAF-CE0341C4B3F9} = {4D33CF4A-53DA-488B-8535-5F421970EE42}
		{7AB22EED-86FC-4482-BD4A-37EBEA921BFB} = {99FC7333-C16A-44C7-ACAF-CE0341C4B3F9}
		{1FE5758B-4E8C-461B-BA02-938F5FF4D754} = {99FC7333-C16A-44C7-ACAF-CE0341C4B3F9}
		{67842C65-0895-41A6-A889-472DC5B4E181} = {99FC7333-C16A-44C7-ACAF-CE0341C4B3F9}
		{02050D31-B0D3-4FA1-9F6E-9CBEA894200C} = {FE863079-F1FA-4BA7-94D8-72FB90CE0E56}
		{23A70C96-683C-4757-9179-E53B76836A2A} = {7D8E5F20-4229-4738-B861-B15D051285EB}
		{EA749094-636F-456A-9A2D-69A04D58C43E} = {4D33CF4A-53DA-488B-8535-5F421970EE42}
		{C78036DE-BBEA-462B-AAD7-C4927DD35F3B} = {7D8E5F20-4229-4738-B861-B15D051285EB}
		{68F074B1-93E1-412A-952E-628CADAE9860} = {99FC7333-C16A-44C7-ACAF-CE0341C4B3F9}
		{4AB4CEED-A29B-4891-AF68-EC17DF1A05C5} = {FE863079-F1FA-4BA7-94D8-72FB90CE0E56}
		{87204E84-621B-4B27-BC75-9D4978FAF161} = {4D33CF4A-53DA-488B-8535-5F421970EE42}
		{EAAF1747-FCBE-46A9-9A40-1722AEF87B81} = {4D33CF4A-53DA-488B-8535-5F421970EE42}
	EndGlobalSection
	GlobalSection(ExtensibilityGlobals) = postSolution
		SolutionGuid = {AB0574CD-BB26-4770-9663-0F12027C0BC7}
	EndGlobalSection
EndGlobal
