
Microsoft Visual Studio Solution File, Format Version 12.00
# Visual Studio Version 17
VisualStudioVersion = 17.4.33110.190
MinimumVisualStudioVersion = 10.0.40219.1
Project("{2150E333-8FDC-42A3-9474-1A3956D46DE8}") = "src", "src", "{FE863079-F1FA-4BA7-94D8-72FB90CE0E56}"
EndProject
Project("{9A19103F-16F7-4668-BE54-9A1E7A4F7556}") = "Jcg.Repositories", "src\Jcg.Repositories\Jcg.Repositories.csproj", "{C57A4985-7EDA-49BA-92DA-D4F4CD1FE025}"
EndProject
Project("{2150E333-8FDC-42A3-9474-1A3956D46DE8}") = "Support", "Support", "{7D8E5F20-4229-4738-B861-B15D051285EB}"
EndProject
Project("{9A19103F-16F7-4668-BE54-9A1E7A4F7556}") = "Common", "src\Common\Common.csproj", "{12D7C1E8-2F5A-42DB-BA30-EC33C7BD7A44}"
EndProject
Project("{9A19103F-16F7-4668-BE54-9A1E7A4F7556}") = "Support.UnitOfWork", "src\Support.UnitOfWork\Support.UnitOfWork.csproj", "{78F23CEC-63AC-4BB4-8B10-85A8C6B7EAC3}"
EndProject
Project("{2150E333-8FDC-42A3-9474-1A3956D46DE8}") = "testing", "testing", "{4D33CF4A-53DA-488B-8535-5F421970EE42}"
EndProject
Project("{9A19103F-16F7-4668-BE54-9A1E7A4F7556}") = "Testing.Common", "testing\Testing.Common\Testing.Common.csproj", "{31F4EBE7-BCEE-4CFA-90B1-79A533243C07}"
EndProject
Project("{9A19103F-16F7-4668-BE54-9A1E7A4F7556}") = "Support.UnitOfWork.UnitTests", "testing\Support.UnitOfWork.UnitTests\Support.UnitOfWork.UnitTests.csproj", "{8ED128EA-DB66-427D-8CF4-893E3B9D010C}"
EndProject
Project("{FAE04EC0-301F-11D3-BF4B-00C04F79EFBC}") = "Support.UnitOfWork.IntegrationTests", "src\Support.UnitOfWork.IntegrationTests\Support.UnitOfWork.IntegrationTests.csproj", "{F5E8FC66-1813-4B31-B4B0-897076F83BDB}"
EndProject
Global
	GlobalSection(SolutionConfigurationPlatforms) = preSolution
		Debug|Any CPU = Debug|Any CPU
		Release|Any CPU = Release|Any CPU
	EndGlobalSection
	GlobalSection(ProjectConfigurationPlatforms) = postSolution
		{C57A4985-7EDA-49BA-92DA-D4F4CD1FE025}.Debug|Any CPU.ActiveCfg = Debug|Any CPU
		{C57A4985-7EDA-49BA-92DA-D4F4CD1FE025}.Debug|Any CPU.Build.0 = Debug|Any CPU
		{C57A4985-7EDA-49BA-92DA-D4F4CD1FE025}.Release|Any CPU.ActiveCfg = Release|Any CPU
		{C57A4985-7EDA-49BA-92DA-D4F4CD1FE025}.Release|Any CPU.Build.0 = Release|Any CPU
		{12D7C1E8-2F5A-42DB-BA30-EC33C7BD7A44}.Debug|Any CPU.ActiveCfg = Debug|Any CPU
		{12D7C1E8-2F5A-42DB-BA30-EC33C7BD7A44}.Debug|Any CPU.Build.0 = Debug|Any CPU
		{12D7C1E8-2F5A-42DB-BA30-EC33C7BD7A44}.Release|Any CPU.ActiveCfg = Release|Any CPU
		{12D7C1E8-2F5A-42DB-BA30-EC33C7BD7A44}.Release|Any CPU.Build.0 = Release|Any CPU
		{78F23CEC-63AC-4BB4-8B10-85A8C6B7EAC3}.Debug|Any CPU.ActiveCfg = Debug|Any CPU
		{78F23CEC-63AC-4BB4-8B10-85A8C6B7EAC3}.Debug|Any CPU.Build.0 = Debug|Any CPU
		{78F23CEC-63AC-4BB4-8B10-85A8C6B7EAC3}.Release|Any CPU.ActiveCfg = Release|Any CPU
		{78F23CEC-63AC-4BB4-8B10-85A8C6B7EAC3}.Release|Any CPU.Build.0 = Release|Any CPU
		{31F4EBE7-BCEE-4CFA-90B1-79A533243C07}.Debug|Any CPU.ActiveCfg = Debug|Any CPU
		{31F4EBE7-BCEE-4CFA-90B1-79A533243C07}.Debug|Any CPU.Build.0 = Debug|Any CPU
		{31F4EBE7-BCEE-4CFA-90B1-79A533243C07}.Release|Any CPU.ActiveCfg = Release|Any CPU
		{31F4EBE7-BCEE-4CFA-90B1-79A533243C07}.Release|Any CPU.Build.0 = Release|Any CPU
		{8ED128EA-DB66-427D-8CF4-893E3B9D010C}.Debug|Any CPU.ActiveCfg = Debug|Any CPU
		{8ED128EA-DB66-427D-8CF4-893E3B9D010C}.Debug|Any CPU.Build.0 = Debug|Any CPU
		{8ED128EA-DB66-427D-8CF4-893E3B9D010C}.Release|Any CPU.ActiveCfg = Release|Any CPU
		{8ED128EA-DB66-427D-8CF4-893E3B9D010C}.Release|Any CPU.Build.0 = Release|Any CPU
		{F5E8FC66-1813-4B31-B4B0-897076F83BDB}.Debug|Any CPU.ActiveCfg = Debug|Any CPU
		{F5E8FC66-1813-4B31-B4B0-897076F83BDB}.Debug|Any CPU.Build.0 = Debug|Any CPU
		{F5E8FC66-1813-4B31-B4B0-897076F83BDB}.Release|Any CPU.ActiveCfg = Release|Any CPU
		{F5E8FC66-1813-4B31-B4B0-897076F83BDB}.Release|Any CPU.Build.0 = Release|Any CPU
	EndGlobalSection
	GlobalSection(SolutionProperties) = preSolution
		HideSolutionNode = FALSE
	EndGlobalSection
	GlobalSection(NestedProjects) = preSolution
		{C57A4985-7EDA-49BA-92DA-D4F4CD1FE025} = {FE863079-F1FA-4BA7-94D8-72FB90CE0E56}
		{7D8E5F20-4229-4738-B861-B15D051285EB} = {FE863079-F1FA-4BA7-94D8-72FB90CE0E56}
		{12D7C1E8-2F5A-42DB-BA30-EC33C7BD7A44} = {FE863079-F1FA-4BA7-94D8-72FB90CE0E56}
		{78F23CEC-63AC-4BB4-8B10-85A8C6B7EAC3} = {7D8E5F20-4229-4738-B861-B15D051285EB}
		{31F4EBE7-BCEE-4CFA-90B1-79A533243C07} = {4D33CF4A-53DA-488B-8535-5F421970EE42}
		{8ED128EA-DB66-427D-8CF4-893E3B9D010C} = {4D33CF4A-53DA-488B-8535-5F421970EE42}
		{F5E8FC66-1813-4B31-B4B0-897076F83BDB} = {4D33CF4A-53DA-488B-8535-5F421970EE42}
	EndGlobalSection
	GlobalSection(ExtensibilityGlobals) = postSolution
		SolutionGuid = {AB0574CD-BB26-4770-9663-0F12027C0BC7}
	EndGlobalSection
EndGlobal
